// !$*UTF8*$!
{
	archiveVersion = 1;
	classes = {
	};
	objectVersion = 46;
	objects = {

/* Begin PBXBuildFile section */
		3F13A7571B49BB1E00DDB33B /* MenuScene.swift in Sources */ = {isa = PBXBuildFile; fileRef = 3F13A7561B49BB1E00DDB33B /* MenuScene.swift */; };
		3F13A7591B49BB2D00DDB33B /* GameOverScene.swift in Sources */ = {isa = PBXBuildFile; fileRef = 3F13A7581B49BB2D00DDB33B /* GameOverScene.swift */; };
		3F13A75F1B49BB6300DDB33B /* MusicButton.swift in Sources */ = {isa = PBXBuildFile; fileRef = 3F13A75E1B49BB6300DDB33B /* MusicButton.swift */; };
		3F13A7611B49BB6D00DDB33B /* RetryButton.swift in Sources */ = {isa = PBXBuildFile; fileRef = 3F13A7601B49BB6D00DDB33B /* RetryButton.swift */; };
		3F13A7631B49BB7D00DDB33B /* LeadersButton.swift in Sources */ = {isa = PBXBuildFile; fileRef = 3F13A7621B49BB7D00DDB33B /* LeadersButton.swift */; };
		3F13A7651B49BB8E00DDB33B /* StartButton.swift in Sources */ = {isa = PBXBuildFile; fileRef = 3F13A7641B49BB8E00DDB33B /* StartButton.swift */; };
		3F13A7671B49BB9900DDB33B /* TapButton.swift in Sources */ = {isa = PBXBuildFile; fileRef = 3F13A7661B49BB9900DDB33B /* TapButton.swift */; };
		3F13A76B1B49BBE400DDB33B /* Constants.swift in Sources */ = {isa = PBXBuildFile; fileRef = 3F13A76A1B49BBE400DDB33B /* Constants.swift */; };
		3F13A76D1B49BBEC00DDB33B /* NetworkCheck.swift in Sources */ = {isa = PBXBuildFile; fileRef = 3F13A76C1B49BBEC00DDB33B /* NetworkCheck.swift */; };
		3F13A7701B49BC5800DDB33B /* Background.swift in Sources */ = {isa = PBXBuildFile; fileRef = 3F13A76F1B49BC5800DDB33B /* Background.swift */; };
		3F13A7761B49BC8E00DDB33B /* Player.swift in Sources */ = {isa = PBXBuildFile; fileRef = 3F13A7751B49BC8E00DDB33B /* Player.swift */; };
		3F13A7781B49BC9A00DDB33B /* StatusBar.swift in Sources */ = {isa = PBXBuildFile; fileRef = 3F13A7771B49BC9A00DDB33B /* StatusBar.swift */; };
		3F13A77A1B49BCB500DDB33B /* Meteor.swift in Sources */ = {isa = PBXBuildFile; fileRef = 3F13A7791B49BCB500DDB33B /* Meteor.swift */; };
		3F13A77C1B49BCC000DDB33B /* MeteorController.swift in Sources */ = {isa = PBXBuildFile; fileRef = 3F13A77B1B49BCC000DDB33B /* MeteorController.swift */; };
		3F13A77E1B49BCCD00DDB33B /* Star.swift in Sources */ = {isa = PBXBuildFile; fileRef = 3F13A77D1B49BCCD00DDB33B /* Star.swift */; };
		3F13A7801B49BCD600DDB33B /* StarController.swift in Sources */ = {isa = PBXBuildFile; fileRef = 3F13A77F1B49BCD600DDB33B /* StarController.swift */; };
		3F13A7821B49BCED00DDB33B /* GameTextures.swift in Sources */ = {isa = PBXBuildFile; fileRef = 3F13A7811B49BCED00DDB33B /* GameTextures.swift */; };
		3F13A7841B49BCF600DDB33B /* GameAudio.swift in Sources */ = {isa = PBXBuildFile; fileRef = 3F13A7831B49BCF600DDB33B /* GameAudio.swift */; };
		3F13A7861B49BD0100DDB33B /* GameSettings.swift in Sources */ = {isa = PBXBuildFile; fileRef = 3F13A7851B49BD0100DDB33B /* GameSettings.swift */; };
		3F13A7891B49BF0900DDB33B /* editundo.ttf in Resources */ = {isa = PBXBuildFile; fileRef = 3F13A7881B49BF0900DDB33B /* editundo.ttf */; };
		3F13A78B1B49BFD200DDB33B /* GameParticles.swift in Sources */ = {isa = PBXBuildFile; fileRef = 3F13A78A1B49BFD200DDB33B /* GameParticles.swift */; };
		3F13A78D1B49C05D00DDB33B /* TitleOverlay.swift in Sources */ = {isa = PBXBuildFile; fileRef = 3F13A78C1B49C05D00DDB33B /* TitleOverlay.swift */; };
		3F13A78F1B49C18500DDB33B /* PauseButton.swift in Sources */ = {isa = PBXBuildFile; fileRef = 3F13A78E1B49C18500DDB33B /* PauseButton.swift */; };
		3F13A7911B49C2D200DDB33B /* ScoreBoardOverlay.swift in Sources */ = {isa = PBXBuildFile; fileRef = 3F13A7901B49C2D200DDB33B /* ScoreBoardOverlay.swift */; };
		3F13A7931B49C2F400DDB33B /* GameFonts.swift in Sources */ = {isa = PBXBuildFile; fileRef = 3F13A7921B49C2F400DDB33B /* GameFonts.swift */; };
		3F13A7961B49C8E600DDB33B /* Pixelate.fsh in Resources */ = {isa = PBXBuildFile; fileRef = 3F13A7951B49C8E600DDB33B /* Pixelate.fsh */; };
		3F7DB0C11B4A154D00D95D8B /* Title.swift in Sources */ = {isa = PBXBuildFile; fileRef = 3F7DB0C01B4A154D00D95D8B /* Title.swift */; };
		3F7DB0C31B4A17C000D95D8B /* GameOver.swift in Sources */ = {isa = PBXBuildFile; fileRef = 3F7DB0C21B4A17C000D95D8B /* GameOver.swift */; };
		3F7DB0CC1B4B426100D95D8B /* GameKitHelper.swift in Sources */ = {isa = PBXBuildFile; fileRef = 3F7DB0CB1B4B426100D95D8B /* GameKitHelper.swift */; };
		3F7DB0D11B4B4BF200D95D8B /* EngineParticles-iPhone.sks in Resources */ = {isa = PBXBuildFile; fileRef = 3F7DB0CF1B4B4BF200D95D8B /* EngineParticles-iPhone.sks */; };
		3F7DB0D41B4B4FA000D95D8B /* EngineParticles-iPad.sks in Resources */ = {isa = PBXBuildFile; fileRef = 3F7DB0D31B4B4FA000D95D8B /* EngineParticles-iPad.sks */; };
		3F7DB1131B4C36A500D95D8B /* GameArt.1.png in Resources */ = {isa = PBXBuildFile; fileRef = 3F7DB10E1B4C36A500D95D8B /* GameArt.1.png */; };
		3F7DB1141B4C36A500D95D8B /* GameArt.1@2x.png in Resources */ = {isa = PBXBuildFile; fileRef = 3F7DB10F1B4C36A500D95D8B /* GameArt.1@2x.png */; };
		3F7DB1151B4C36A500D95D8B /* GameArt.1@2x~ipad.png in Resources */ = {isa = PBXBuildFile; fileRef = 3F7DB1101B4C36A500D95D8B /* GameArt.1@2x~ipad.png */; };
		3F7DB1161B4C36A500D95D8B /* GameArt.1@3x.png in Resources */ = {isa = PBXBuildFile; fileRef = 3F7DB1111B4C36A500D95D8B /* GameArt.1@3x.png */; };
		3F7DB1171B4C36A500D95D8B /* GameArt.plist in Resources */ = {isa = PBXBuildFile; fileRef = 3F7DB1121B4C36A500D95D8B /* GameArt.plist */; };
		3F7DB11A1B4C66D900D95D8B /* Star.swift in Sources */ = {isa = PBXBuildFile; fileRef = 3F13A77D1B49BCCD00DDB33B /* Star.swift */; };
		3F7DB11B1B4C66D900D95D8B /* GameScene.swift in Sources */ = {isa = PBXBuildFile; fileRef = 3F821AAF1B49BA650025A1B4 /* GameScene.swift */; };
		3F7DB11C1B4C66D900D95D8B /* CGPoint+Extensions.swift in Sources */ = {isa = PBXBuildFile; fileRef = 3F821ADF1B49BA6D0025A1B4 /* CGPoint+Extensions.swift */; };
		3F7DB11D1B4C66D900D95D8B /* RetryButton.swift in Sources */ = {isa = PBXBuildFile; fileRef = 3F13A7601B49BB6D00DDB33B /* RetryButton.swift */; };
		3F7DB11E1B4C66D900D95D8B /* TapButton.swift in Sources */ = {isa = PBXBuildFile; fileRef = 3F13A7661B49BB9900DDB33B /* TapButton.swift */; };
		3F7DB11F1B4C66D900D95D8B /* SKTTimingFunctions.swift in Sources */ = {isa = PBXBuildFile; fileRef = 3F821AE81B49BA6D0025A1B4 /* SKTTimingFunctions.swift */; };
		3F7DB1201B4C66D900D95D8B /* SKTEffects.swift in Sources */ = {isa = PBXBuildFile; fileRef = 3F821AE71B49BA6D0025A1B4 /* SKTEffects.swift */; };
		3F7DB1211B4C66D900D95D8B /* GameOverScene.swift in Sources */ = {isa = PBXBuildFile; fileRef = 3F13A7581B49BB2D00DDB33B /* GameOverScene.swift */; };
		3F7DB1221B4C66D900D95D8B /* MeteorController.swift in Sources */ = {isa = PBXBuildFile; fileRef = 3F13A77B1B49BCC000DDB33B /* MeteorController.swift */; };
		3F7DB1231B4C66D900D95D8B /* StatusBar.swift in Sources */ = {isa = PBXBuildFile; fileRef = 3F13A7771B49BC9A00DDB33B /* StatusBar.swift */; };
		3F7DB1241B4C66D900D95D8B /* SKAction+SpecialEffects.swift in Sources */ = {isa = PBXBuildFile; fileRef = 3F821AE31B49BA6D0025A1B4 /* SKAction+SpecialEffects.swift */; };
		3F7DB1251B4C66D900D95D8B /* CGVector+Extensions.swift in Sources */ = {isa = PBXBuildFile; fileRef = 3F821AE01B49BA6D0025A1B4 /* CGVector+Extensions.swift */; };
		3F7DB1261B4C66D900D95D8B /* PauseButton.swift in Sources */ = {isa = PBXBuildFile; fileRef = 3F13A78E1B49C18500DDB33B /* PauseButton.swift */; };
		3F7DB1271B4C66D900D95D8B /* StarController.swift in Sources */ = {isa = PBXBuildFile; fileRef = 3F13A77F1B49BCD600DDB33B /* StarController.swift */; };
		3F7DB1281B4C66D900D95D8B /* Title.swift in Sources */ = {isa = PBXBuildFile; fileRef = 3F7DB0C01B4A154D00D95D8B /* Title.swift */; };
		3F7DB1291B4C66D900D95D8B /* SKAction+Extensions.swift in Sources */ = {isa = PBXBuildFile; fileRef = 3F821AE21B49BA6D0025A1B4 /* SKAction+Extensions.swift */; };
		3F7DB12A1B4C66D900D95D8B /* Background.swift in Sources */ = {isa = PBXBuildFile; fileRef = 3F13A76F1B49BC5800DDB33B /* Background.swift */; };
		3F7DB12B1B4C66D900D95D8B /* SKColor+Extensions.swift in Sources */ = {isa = PBXBuildFile; fileRef = 3F821AE41B49BA6D0025A1B4 /* SKColor+Extensions.swift */; };
		3F7DB12C1B4C66D900D95D8B /* GameViewController.swift in Sources */ = {isa = PBXBuildFile; fileRef = 3F821AB01B49BA650025A1B4 /* GameViewController.swift */; };
		3F7DB12D1B4C66D900D95D8B /* MusicButton.swift in Sources */ = {isa = PBXBuildFile; fileRef = 3F13A75E1B49BB6300DDB33B /* MusicButton.swift */; };
		3F7DB12E1B4C66D900D95D8B /* Int+Extensions.swift in Sources */ = {isa = PBXBuildFile; fileRef = 3F821AE11B49BA6D0025A1B4 /* Int+Extensions.swift */; };
		3F7DB12F1B4C66D900D95D8B /* GameAudio.swift in Sources */ = {isa = PBXBuildFile; fileRef = 3F13A7831B49BCF600DDB33B /* GameAudio.swift */; };
		3F7DB1301B4C66D900D95D8B /* GameFonts.swift in Sources */ = {isa = PBXBuildFile; fileRef = 3F13A7921B49C2F400DDB33B /* GameFonts.swift */; };
		3F7DB1311B4C66D900D95D8B /* GameKitHelper.swift in Sources */ = {isa = PBXBuildFile; fileRef = 3F7DB0CB1B4B426100D95D8B /* GameKitHelper.swift */; };
		3F7DB1321B4C66D900D95D8B /* ScoreBoardOverlay.swift in Sources */ = {isa = PBXBuildFile; fileRef = 3F13A7901B49C2D200DDB33B /* ScoreBoardOverlay.swift */; };
		3F7DB1331B4C66D900D95D8B /* StartButton.swift in Sources */ = {isa = PBXBuildFile; fileRef = 3F13A7641B49BB8E00DDB33B /* StartButton.swift */; };
		3F7DB1341B4C66D900D95D8B /* LeadersButton.swift in Sources */ = {isa = PBXBuildFile; fileRef = 3F13A7621B49BB7D00DDB33B /* LeadersButton.swift */; };
		3F7DB1351B4C66D900D95D8B /* GameParticles.swift in Sources */ = {isa = PBXBuildFile; fileRef = 3F13A78A1B49BFD200DDB33B /* GameParticles.swift */; };
		3F7DB1361B4C66D900D95D8B /* GameOver.swift in Sources */ = {isa = PBXBuildFile; fileRef = 3F7DB0C21B4A17C000D95D8B /* GameOver.swift */; };
		3F7DB1371B4C66D900D95D8B /* Meteor.swift in Sources */ = {isa = PBXBuildFile; fileRef = 3F13A7791B49BCB500DDB33B /* Meteor.swift */; };
		3F7DB1381B4C66D900D95D8B /* SKNode+Extensions.swift in Sources */ = {isa = PBXBuildFile; fileRef = 3F821AE51B49BA6D0025A1B4 /* SKNode+Extensions.swift */; };
		3F7DB1391B4C66D900D95D8B /* SKTAudio.swift in Sources */ = {isa = PBXBuildFile; fileRef = 3F821AE61B49BA6D0025A1B4 /* SKTAudio.swift */; };
		3F7DB13A1B4C66D900D95D8B /* CGFloat+Extensions.swift in Sources */ = {isa = PBXBuildFile; fileRef = 3F821ADE1B49BA6D0025A1B4 /* CGFloat+Extensions.swift */; };
		3F7DB13B1B4C66D900D95D8B /* TitleOverlay.swift in Sources */ = {isa = PBXBuildFile; fileRef = 3F13A78C1B49C05D00DDB33B /* TitleOverlay.swift */; };
		3F7DB13C1B4C66D900D95D8B /* GameSettings.swift in Sources */ = {isa = PBXBuildFile; fileRef = 3F13A7851B49BD0100DDB33B /* GameSettings.swift */; };
		3F7DB13D1B4C66D900D95D8B /* MenuScene.swift in Sources */ = {isa = PBXBuildFile; fileRef = 3F13A7561B49BB1E00DDB33B /* MenuScene.swift */; };
		3F7DB13E1B4C66D900D95D8B /* NetworkCheck.swift in Sources */ = {isa = PBXBuildFile; fileRef = 3F13A76C1B49BBEC00DDB33B /* NetworkCheck.swift */; };
		3F7DB13F1B4C66D900D95D8B /* Vector3.swift in Sources */ = {isa = PBXBuildFile; fileRef = 3F821AE91B49BA6D0025A1B4 /* Vector3.swift */; };
		3F7DB1401B4C66D900D95D8B /* AppDelegate.swift in Sources */ = {isa = PBXBuildFile; fileRef = 3F821AAE1B49BA650025A1B4 /* AppDelegate.swift */; };
		3F7DB1411B4C66D900D95D8B /* Player.swift in Sources */ = {isa = PBXBuildFile; fileRef = 3F13A7751B49BC8E00DDB33B /* Player.swift */; };
		3F7DB1421B4C66D900D95D8B /* GameTextures.swift in Sources */ = {isa = PBXBuildFile; fileRef = 3F13A7811B49BCED00DDB33B /* GameTextures.swift */; };
		3F7DB1431B4C66D900D95D8B /* Constants.swift in Sources */ = {isa = PBXBuildFile; fileRef = 3F13A76A1B49BBE400DDB33B /* Constants.swift */; };
		3F7DB1471B4C66D900D95D8B /* GameArt.1.png in Resources */ = {isa = PBXBuildFile; fileRef = 3F7DB10E1B4C36A500D95D8B /* GameArt.1.png */; };
		3F7DB1481B4C66D900D95D8B /* Default@2x.png in Resources */ = {isa = PBXBuildFile; fileRef = 3F821AC41B49BA6D0025A1B4 /* Default@2x.png */; };
		3F7DB1491B4C66D900D95D8B /* Destroyed.caf in Resources */ = {isa = PBXBuildFile; fileRef = 3F821AD21B49BA6D0025A1B4 /* Destroyed.caf */; };
		3F7DB14A1B4C66D900D95D8B /* Score.caf in Resources */ = {isa = PBXBuildFile; fileRef = 3F821AD91B49BA6D0025A1B4 /* Score.caf */; };
		3F7DB14B1B4C66D900D95D8B /* GameArt.1@2x.png in Resources */ = {isa = PBXBuildFile; fileRef = 3F7DB10F1B4C36A500D95D8B /* GameArt.1@2x.png */; };
		3F7DB14C1B4C66D900D95D8B /* StarParticles-iPhone.sks in Resources */ = {isa = PBXBuildFile; fileRef = 3F821ACF1B49BA6D0025A1B4 /* StarParticles-iPhone.sks */; };
		3F7DB14D1B4C66D900D95D8B /* BackgroundParticles-iPhone.sks in Resources */ = {isa = PBXBuildFile; fileRef = 3F821ACD1B49BA6D0025A1B4 /* BackgroundParticles-iPhone.sks */; };
		3F7DB14F1B4C66D900D95D8B /* GameArt.plist in Resources */ = {isa = PBXBuildFile; fileRef = 3F7DB1121B4C36A500D95D8B /* GameArt.plist */; };
		3F7DB1501B4C66D900D95D8B /* editundo.ttf in Resources */ = {isa = PBXBuildFile; fileRef = 3F13A7881B49BF0900DDB33B /* editundo.ttf */; };
		3F7DB1511B4C66D900D95D8B /* Images.xcassets in Resources */ = {isa = PBXBuildFile; fileRef = 3F821A941B49BA0D0025A1B4 /* Images.xcassets */; };
		3F7DB1521B4C66D900D95D8B /* StarParticles-iPad.sks in Resources */ = {isa = PBXBuildFile; fileRef = 3F821ACE1B49BA6D0025A1B4 /* StarParticles-iPad.sks */; };
		3F7DB1531B4C66D900D95D8B /* Pixelate.fsh in Resources */ = {isa = PBXBuildFile; fileRef = 3F13A7951B49C8E600DDB33B /* Pixelate.fsh */; };
		3F7DB1541B4C66D900D95D8B /* EngineParticles-iPad.sks in Resources */ = {isa = PBXBuildFile; fileRef = 3F7DB0D31B4B4FA000D95D8B /* EngineParticles-iPad.sks */; };
		3F7DB1551B4C66D900D95D8B /* Default~ipad.png in Resources */ = {isa = PBXBuildFile; fileRef = 3F821AC61B49BA6D0025A1B4 /* Default~ipad.png */; };
		3F7DB1561B4C66D900D95D8B /* Explode.caf in Resources */ = {isa = PBXBuildFile; fileRef = 3F821AD51B49BA6D0025A1B4 /* Explode.caf */; };
		3F7DB1571B4C66D900D95D8B /* MenuMusic.mp3 in Resources */ = {isa = PBXBuildFile; fileRef = 3F821ACA1B49BA6D0025A1B4 /* MenuMusic.mp3 */; };
		3F7DB1581B4C66D900D95D8B /* IntroMusic.mp3 in Resources */ = {isa = PBXBuildFile; fileRef = 3F821AC91B49BA6D0025A1B4 /* IntroMusic.mp3 */; };
		3F7DB1591B4C66D900D95D8B /* Default.png in Resources */ = {isa = PBXBuildFile; fileRef = 3F821AC31B49BA6D0025A1B4 /* Default.png */; };
		3F7DB15A1B4C66D900D95D8B /* Main.storyboard in Resources */ = {isa = PBXBuildFile; fileRef = 3F821A911B49BA0D0025A1B4 /* Main.storyboard */; };
		3F7DB15B1B4C66D900D95D8B /* Default-568h@2x.png in Resources */ = {isa = PBXBuildFile; fileRef = 3F821AC21B49BA6D0025A1B4 /* Default-568h@2x.png */; };
		3F7DB15C1B4C66D900D95D8B /* MaxBonus.caf in Resources */ = {isa = PBXBuildFile; fileRef = 3F821AD71B49BA6D0025A1B4 /* MaxBonus.caf */; };
		3F7DB15D1B4C66D900D95D8B /* Default@2x~ipad.png in Resources */ = {isa = PBXBuildFile; fileRef = 3F821AC51B49BA6D0025A1B4 /* Default@2x~ipad.png */; };
		3F7DB15E1B4C66D900D95D8B /* BackgroundParticles-iPad.sks in Resources */ = {isa = PBXBuildFile; fileRef = 3F821ACC1B49BA6D0025A1B4 /* BackgroundParticles-iPad.sks */; };
		3F7DB15F1B4C66D900D95D8B /* EngineStart.caf in Resources */ = {isa = PBXBuildFile; fileRef = 3F821AD41B49BA6D0025A1B4 /* EngineStart.caf */; };
		3F7DB1601B4C66D900D95D8B /* BonusPoints.caf in Resources */ = {isa = PBXBuildFile; fileRef = 3F821AD11B49BA6D0025A1B4 /* BonusPoints.caf */; };
		3F7DB1611B4C66D900D95D8B /* GameArt.1@3x.png in Resources */ = {isa = PBXBuildFile; fileRef = 3F7DB1111B4C36A500D95D8B /* GameArt.1@3x.png */; };
		3F7DB1621B4C66D900D95D8B /* Pop.caf in Resources */ = {isa = PBXBuildFile; fileRef = 3F821AD81B49BA6D0025A1B4 /* Pop.caf */; };
		3F7DB1631B4C66D900D95D8B /* GameMusic.mp3 in Resources */ = {isa = PBXBuildFile; fileRef = 3F821AC81B49BA6D0025A1B4 /* GameMusic.mp3 */; };
		3F7DB1641B4C66D900D95D8B /* EngineParticles-iPhone.sks in Resources */ = {isa = PBXBuildFile; fileRef = 3F7DB0CF1B4B4BF200D95D8B /* EngineParticles-iPhone.sks */; };
		3F7DB1651B4C66D900D95D8B /* GameArt.1@2x~ipad.png in Resources */ = {isa = PBXBuildFile; fileRef = 3F7DB1101B4C36A500D95D8B /* GameArt.1@2x~ipad.png */; };
		3F7DB1661B4C66D900D95D8B /* Lose.caf in Resources */ = {isa = PBXBuildFile; fileRef = 3F821AD61B49BA6D0025A1B4 /* Lose.caf */; };
		3F821A931B49BA0D0025A1B4 /* Main.storyboard in Resources */ = {isa = PBXBuildFile; fileRef = 3F821A911B49BA0D0025A1B4 /* Main.storyboard */; };
		3F821A951B49BA0D0025A1B4 /* Images.xcassets in Resources */ = {isa = PBXBuildFile; fileRef = 3F821A941B49BA0D0025A1B4 /* Images.xcassets */; };
		3F821AA41B49BA0D0025A1B4 /* TerranousTests.swift in Sources */ = {isa = PBXBuildFile; fileRef = 3F821AA31B49BA0D0025A1B4 /* TerranousTests.swift */; };
		3F821AB11B49BA650025A1B4 /* AppDelegate.swift in Sources */ = {isa = PBXBuildFile; fileRef = 3F821AAE1B49BA650025A1B4 /* AppDelegate.swift */; };
		3F821AB21B49BA650025A1B4 /* GameScene.swift in Sources */ = {isa = PBXBuildFile; fileRef = 3F821AAF1B49BA650025A1B4 /* GameScene.swift */; };
		3F821AB31B49BA650025A1B4 /* GameViewController.swift in Sources */ = {isa = PBXBuildFile; fileRef = 3F821AB01B49BA650025A1B4 /* GameViewController.swift */; };
		3F821AF41B49BA6D0025A1B4 /* Default-568h@2x.png in Resources */ = {isa = PBXBuildFile; fileRef = 3F821AC21B49BA6D0025A1B4 /* Default-568h@2x.png */; };
		3F821AF51B49BA6D0025A1B4 /* Default.png in Resources */ = {isa = PBXBuildFile; fileRef = 3F821AC31B49BA6D0025A1B4 /* Default.png */; };
		3F821AF61B49BA6D0025A1B4 /* Default@2x.png in Resources */ = {isa = PBXBuildFile; fileRef = 3F821AC41B49BA6D0025A1B4 /* Default@2x.png */; };
		3F821AF71B49BA6D0025A1B4 /* Default@2x~ipad.png in Resources */ = {isa = PBXBuildFile; fileRef = 3F821AC51B49BA6D0025A1B4 /* Default@2x~ipad.png */; };
		3F821AF81B49BA6D0025A1B4 /* Default~ipad.png in Resources */ = {isa = PBXBuildFile; fileRef = 3F821AC61B49BA6D0025A1B4 /* Default~ipad.png */; };
		3F821AF91B49BA6D0025A1B4 /* GameMusic.mp3 in Resources */ = {isa = PBXBuildFile; fileRef = 3F821AC81B49BA6D0025A1B4 /* GameMusic.mp3 */; };
		3F821AFA1B49BA6D0025A1B4 /* IntroMusic.mp3 in Resources */ = {isa = PBXBuildFile; fileRef = 3F821AC91B49BA6D0025A1B4 /* IntroMusic.mp3 */; };
		3F821AFB1B49BA6D0025A1B4 /* MenuMusic.mp3 in Resources */ = {isa = PBXBuildFile; fileRef = 3F821ACA1B49BA6D0025A1B4 /* MenuMusic.mp3 */; };
		3F821AFC1B49BA6D0025A1B4 /* BackgroundParticles-iPad.sks in Resources */ = {isa = PBXBuildFile; fileRef = 3F821ACC1B49BA6D0025A1B4 /* BackgroundParticles-iPad.sks */; };
		3F821AFD1B49BA6D0025A1B4 /* BackgroundParticles-iPhone.sks in Resources */ = {isa = PBXBuildFile; fileRef = 3F821ACD1B49BA6D0025A1B4 /* BackgroundParticles-iPhone.sks */; };
		3F821AFE1B49BA6D0025A1B4 /* StarParticles-iPad.sks in Resources */ = {isa = PBXBuildFile; fileRef = 3F821ACE1B49BA6D0025A1B4 /* StarParticles-iPad.sks */; };
		3F821AFF1B49BA6D0025A1B4 /* StarParticles-iPhone.sks in Resources */ = {isa = PBXBuildFile; fileRef = 3F821ACF1B49BA6D0025A1B4 /* StarParticles-iPhone.sks */; };
		3F821B001B49BA6D0025A1B4 /* BonusPoints.caf in Resources */ = {isa = PBXBuildFile; fileRef = 3F821AD11B49BA6D0025A1B4 /* BonusPoints.caf */; };
		3F821B011B49BA6D0025A1B4 /* Destroyed.caf in Resources */ = {isa = PBXBuildFile; fileRef = 3F821AD21B49BA6D0025A1B4 /* Destroyed.caf */; };
		3F821B031B49BA6D0025A1B4 /* EngineStart.caf in Resources */ = {isa = PBXBuildFile; fileRef = 3F821AD41B49BA6D0025A1B4 /* EngineStart.caf */; };
		3F821B041B49BA6D0025A1B4 /* Explode.caf in Resources */ = {isa = PBXBuildFile; fileRef = 3F821AD51B49BA6D0025A1B4 /* Explode.caf */; };
		3F821B051B49BA6D0025A1B4 /* Lose.caf in Resources */ = {isa = PBXBuildFile; fileRef = 3F821AD61B49BA6D0025A1B4 /* Lose.caf */; };
		3F821B061B49BA6D0025A1B4 /* MaxBonus.caf in Resources */ = {isa = PBXBuildFile; fileRef = 3F821AD71B49BA6D0025A1B4 /* MaxBonus.caf */; };
		3F821B071B49BA6D0025A1B4 /* Pop.caf in Resources */ = {isa = PBXBuildFile; fileRef = 3F821AD81B49BA6D0025A1B4 /* Pop.caf */; };
		3F821B081B49BA6D0025A1B4 /* Score.caf in Resources */ = {isa = PBXBuildFile; fileRef = 3F821AD91B49BA6D0025A1B4 /* Score.caf */; };
		3F821B0A1B49BA6D0025A1B4 /* CGFloat+Extensions.swift in Sources */ = {isa = PBXBuildFile; fileRef = 3F821ADE1B49BA6D0025A1B4 /* CGFloat+Extensions.swift */; };
		3F821B0B1B49BA6D0025A1B4 /* CGPoint+Extensions.swift in Sources */ = {isa = PBXBuildFile; fileRef = 3F821ADF1B49BA6D0025A1B4 /* CGPoint+Extensions.swift */; };
		3F821B0C1B49BA6D0025A1B4 /* CGVector+Extensions.swift in Sources */ = {isa = PBXBuildFile; fileRef = 3F821AE01B49BA6D0025A1B4 /* CGVector+Extensions.swift */; };
		3F821B0D1B49BA6D0025A1B4 /* Int+Extensions.swift in Sources */ = {isa = PBXBuildFile; fileRef = 3F821AE11B49BA6D0025A1B4 /* Int+Extensions.swift */; };
		3F821B0E1B49BA6D0025A1B4 /* SKAction+Extensions.swift in Sources */ = {isa = PBXBuildFile; fileRef = 3F821AE21B49BA6D0025A1B4 /* SKAction+Extensions.swift */; };
		3F821B0F1B49BA6D0025A1B4 /* SKAction+SpecialEffects.swift in Sources */ = {isa = PBXBuildFile; fileRef = 3F821AE31B49BA6D0025A1B4 /* SKAction+SpecialEffects.swift */; };
		3F821B101B49BA6D0025A1B4 /* SKColor+Extensions.swift in Sources */ = {isa = PBXBuildFile; fileRef = 3F821AE41B49BA6D0025A1B4 /* SKColor+Extensions.swift */; };
		3F821B111B49BA6D0025A1B4 /* SKNode+Extensions.swift in Sources */ = {isa = PBXBuildFile; fileRef = 3F821AE51B49BA6D0025A1B4 /* SKNode+Extensions.swift */; };
		3F821B121B49BA6D0025A1B4 /* SKTAudio.swift in Sources */ = {isa = PBXBuildFile; fileRef = 3F821AE61B49BA6D0025A1B4 /* SKTAudio.swift */; };
		3F821B131B49BA6D0025A1B4 /* SKTEffects.swift in Sources */ = {isa = PBXBuildFile; fileRef = 3F821AE71B49BA6D0025A1B4 /* SKTEffects.swift */; };
		3F821B141B49BA6D0025A1B4 /* SKTTimingFunctions.swift in Sources */ = {isa = PBXBuildFile; fileRef = 3F821AE81B49BA6D0025A1B4 /* SKTTimingFunctions.swift */; };
		3F821B151B49BA6D0025A1B4 /* Vector3.swift in Sources */ = {isa = PBXBuildFile; fileRef = 3F821AE91B49BA6D0025A1B4 /* Vector3.swift */; };
		3FD4A5C81B4C8006005644FE /* iAd.framework in Frameworks */ = {isa = PBXBuildFile; fileRef = 3FD4A5C71B4C8006005644FE /* iAd.framework */; };
		3FD4A5CA1B4CA86A005644FE /* GameKit.framework in Frameworks */ = {isa = PBXBuildFile; fileRef = 3FD4A5C91B4CA86A005644FE /* GameKit.framework */; };
/* End PBXBuildFile section */

/* Begin PBXContainerItemProxy section */
		3F821A9E1B49BA0D0025A1B4 /* PBXContainerItemProxy */ = {
			isa = PBXContainerItemProxy;
			containerPortal = 3F821A7C1B49BA0D0025A1B4 /* Project object */;
			proxyType = 1;
			remoteGlobalIDString = 3F821A831B49BA0D0025A1B4;
			remoteInfo = Terranous;
		};
/* End PBXContainerItemProxy section */

/* Begin PBXFileReference section */
		3F13A7561B49BB1E00DDB33B /* MenuScene.swift */ = {isa = PBXFileReference; fileEncoding = 4; lastKnownFileType = sourcecode.swift; path = MenuScene.swift; sourceTree = "<group>"; };
		3F13A7581B49BB2D00DDB33B /* GameOverScene.swift */ = {isa = PBXFileReference; fileEncoding = 4; lastKnownFileType = sourcecode.swift; path = GameOverScene.swift; sourceTree = "<group>"; };
		3F13A75E1B49BB6300DDB33B /* MusicButton.swift */ = {isa = PBXFileReference; fileEncoding = 4; lastKnownFileType = sourcecode.swift; path = MusicButton.swift; sourceTree = "<group>"; };
		3F13A7601B49BB6D00DDB33B /* RetryButton.swift */ = {isa = PBXFileReference; fileEncoding = 4; lastKnownFileType = sourcecode.swift; path = RetryButton.swift; sourceTree = "<group>"; };
		3F13A7621B49BB7D00DDB33B /* LeadersButton.swift */ = {isa = PBXFileReference; fileEncoding = 4; lastKnownFileType = sourcecode.swift; path = LeadersButton.swift; sourceTree = "<group>"; };
		3F13A7641B49BB8E00DDB33B /* StartButton.swift */ = {isa = PBXFileReference; fileEncoding = 4; lastKnownFileType = sourcecode.swift; path = StartButton.swift; sourceTree = "<group>"; };
		3F13A7661B49BB9900DDB33B /* TapButton.swift */ = {isa = PBXFileReference; fileEncoding = 4; lastKnownFileType = sourcecode.swift; path = TapButton.swift; sourceTree = "<group>"; };
		3F13A76A1B49BBE400DDB33B /* Constants.swift */ = {isa = PBXFileReference; fileEncoding = 4; lastKnownFileType = sourcecode.swift; path = Constants.swift; sourceTree = "<group>"; };
		3F13A76C1B49BBEC00DDB33B /* NetworkCheck.swift */ = {isa = PBXFileReference; fileEncoding = 4; lastKnownFileType = sourcecode.swift; path = NetworkCheck.swift; sourceTree = "<group>"; };
		3F13A76F1B49BC5800DDB33B /* Background.swift */ = {isa = PBXFileReference; fileEncoding = 4; lastKnownFileType = sourcecode.swift; path = Background.swift; sourceTree = "<group>"; };
		3F13A7751B49BC8E00DDB33B /* Player.swift */ = {isa = PBXFileReference; fileEncoding = 4; lastKnownFileType = sourcecode.swift; path = Player.swift; sourceTree = "<group>"; };
		3F13A7771B49BC9A00DDB33B /* StatusBar.swift */ = {isa = PBXFileReference; fileEncoding = 4; lastKnownFileType = sourcecode.swift; path = StatusBar.swift; sourceTree = "<group>"; };
		3F13A7791B49BCB500DDB33B /* Meteor.swift */ = {isa = PBXFileReference; fileEncoding = 4; lastKnownFileType = sourcecode.swift; path = Meteor.swift; sourceTree = "<group>"; };
		3F13A77B1B49BCC000DDB33B /* MeteorController.swift */ = {isa = PBXFileReference; fileEncoding = 4; lastKnownFileType = sourcecode.swift; path = MeteorController.swift; sourceTree = "<group>"; };
		3F13A77D1B49BCCD00DDB33B /* Star.swift */ = {isa = PBXFileReference; fileEncoding = 4; lastKnownFileType = sourcecode.swift; path = Star.swift; sourceTree = "<group>"; };
		3F13A77F1B49BCD600DDB33B /* StarController.swift */ = {isa = PBXFileReference; fileEncoding = 4; lastKnownFileType = sourcecode.swift; path = StarController.swift; sourceTree = "<group>"; };
		3F13A7811B49BCED00DDB33B /* GameTextures.swift */ = {isa = PBXFileReference; fileEncoding = 4; lastKnownFileType = sourcecode.swift; path = GameTextures.swift; sourceTree = "<group>"; };
		3F13A7831B49BCF600DDB33B /* GameAudio.swift */ = {isa = PBXFileReference; fileEncoding = 4; lastKnownFileType = sourcecode.swift; path = GameAudio.swift; sourceTree = "<group>"; };
		3F13A7851B49BD0100DDB33B /* GameSettings.swift */ = {isa = PBXFileReference; fileEncoding = 4; lastKnownFileType = sourcecode.swift; path = GameSettings.swift; sourceTree = "<group>"; };
		3F13A7881B49BF0900DDB33B /* editundo.ttf */ = {isa = PBXFileReference; lastKnownFileType = file; path = editundo.ttf; sourceTree = "<group>"; };
		3F13A78A1B49BFD200DDB33B /* GameParticles.swift */ = {isa = PBXFileReference; fileEncoding = 4; lastKnownFileType = sourcecode.swift; path = GameParticles.swift; sourceTree = "<group>"; };
		3F13A78C1B49C05D00DDB33B /* TitleOverlay.swift */ = {isa = PBXFileReference; fileEncoding = 4; lastKnownFileType = sourcecode.swift; path = TitleOverlay.swift; sourceTree = "<group>"; };
		3F13A78E1B49C18500DDB33B /* PauseButton.swift */ = {isa = PBXFileReference; fileEncoding = 4; lastKnownFileType = sourcecode.swift; path = PauseButton.swift; sourceTree = "<group>"; };
		3F13A7901B49C2D200DDB33B /* ScoreBoardOverlay.swift */ = {isa = PBXFileReference; fileEncoding = 4; lastKnownFileType = sourcecode.swift; path = ScoreBoardOverlay.swift; sourceTree = "<group>"; };
		3F13A7921B49C2F400DDB33B /* GameFonts.swift */ = {isa = PBXFileReference; fileEncoding = 4; lastKnownFileType = sourcecode.swift; path = GameFonts.swift; sourceTree = "<group>"; };
		3F13A7951B49C8E600DDB33B /* Pixelate.fsh */ = {isa = PBXFileReference; fileEncoding = 4; lastKnownFileType = sourcecode.glsl; path = Pixelate.fsh; sourceTree = "<group>"; };
		3F7DB0C01B4A154D00D95D8B /* Title.swift */ = {isa = PBXFileReference; fileEncoding = 4; lastKnownFileType = sourcecode.swift; path = Title.swift; sourceTree = "<group>"; };
		3F7DB0C21B4A17C000D95D8B /* GameOver.swift */ = {isa = PBXFileReference; fileEncoding = 4; lastKnownFileType = sourcecode.swift; path = GameOver.swift; sourceTree = "<group>"; };
		3F7DB0CB1B4B426100D95D8B /* GameKitHelper.swift */ = {isa = PBXFileReference; fileEncoding = 4; lastKnownFileType = sourcecode.swift; path = GameKitHelper.swift; sourceTree = "<group>"; };
		3F7DB0CF1B4B4BF200D95D8B /* EngineParticles-iPhone.sks */ = {isa = PBXFileReference; lastKnownFileType = file.sks; path = "EngineParticles-iPhone.sks"; sourceTree = "<group>"; };
		3F7DB0D31B4B4FA000D95D8B /* EngineParticles-iPad.sks */ = {isa = PBXFileReference; lastKnownFileType = file.sks; path = "EngineParticles-iPad.sks"; sourceTree = "<group>"; };
		3F7DB10E1B4C36A500D95D8B /* GameArt.1.png */ = {isa = PBXFileReference; lastKnownFileType = image.png; path = GameArt.1.png; sourceTree = "<group>"; };
		3F7DB10F1B4C36A500D95D8B /* GameArt.1@2x.png */ = {isa = PBXFileReference; lastKnownFileType = image.png; path = "GameArt.1@2x.png"; sourceTree = "<group>"; };
		3F7DB1101B4C36A500D95D8B /* GameArt.1@2x~ipad.png */ = {isa = PBXFileReference; lastKnownFileType = image.png; path = "GameArt.1@2x~ipad.png"; sourceTree = "<group>"; };
		3F7DB1111B4C36A500D95D8B /* GameArt.1@3x.png */ = {isa = PBXFileReference; lastKnownFileType = image.png; path = "GameArt.1@3x.png"; sourceTree = "<group>"; };
		3F7DB1121B4C36A500D95D8B /* GameArt.plist */ = {isa = PBXFileReference; fileEncoding = 4; lastKnownFileType = text.plist.xml; path = GameArt.plist; sourceTree = "<group>"; };
		3F7DB16A1B4C66D900D95D8B /* Terranous copy.app */ = {isa = PBXFileReference; explicitFileType = wrapper.application; includeInIndex = 0; path = "Terranous copy.app"; sourceTree = BUILT_PRODUCTS_DIR; };
		3F7DB16B1B4C66D900D95D8B /* Terranous copy-Info.plist */ = {isa = PBXFileReference; lastKnownFileType = text.plist.xml; name = "Terranous copy-Info.plist"; path = "/Users/jeremy/Documents/Projects/Books/Epic SpriteKit Tutorial in Swift - Endless Runner/Prototype/Terranous/Terranous copy-Info.plist"; sourceTree = "<absolute>"; };
		3F821A841B49BA0D0025A1B4 /* Terranous.app */ = {isa = PBXFileReference; explicitFileType = wrapper.application; includeInIndex = 0; path = Terranous.app; sourceTree = BUILT_PRODUCTS_DIR; };
		3F821A881B49BA0D0025A1B4 /* Info.plist */ = {isa = PBXFileReference; lastKnownFileType = text.plist.xml; path = Info.plist; sourceTree = "<group>"; };
		3F821A921B49BA0D0025A1B4 /* Base */ = {isa = PBXFileReference; lastKnownFileType = file.storyboard; name = Base; path = Base.lproj/Main.storyboard; sourceTree = "<group>"; };
		3F821A941B49BA0D0025A1B4 /* Images.xcassets */ = {isa = PBXFileReference; lastKnownFileType = folder.assetcatalog; path = Images.xcassets; sourceTree = "<group>"; };
		3F821A9D1B49BA0D0025A1B4 /* TerranousTests.xctest */ = {isa = PBXFileReference; explicitFileType = wrapper.cfbundle; includeInIndex = 0; path = TerranousTests.xctest; sourceTree = BUILT_PRODUCTS_DIR; };
		3F821AA21B49BA0D0025A1B4 /* Info.plist */ = {isa = PBXFileReference; lastKnownFileType = text.plist.xml; path = Info.plist; sourceTree = "<group>"; };
		3F821AA31B49BA0D0025A1B4 /* TerranousTests.swift */ = {isa = PBXFileReference; lastKnownFileType = sourcecode.swift; path = TerranousTests.swift; sourceTree = "<group>"; };
		3F821AAE1B49BA650025A1B4 /* AppDelegate.swift */ = {isa = PBXFileReference; fileEncoding = 4; lastKnownFileType = sourcecode.swift; path = AppDelegate.swift; sourceTree = "<group>"; };
		3F821AAF1B49BA650025A1B4 /* GameScene.swift */ = {isa = PBXFileReference; fileEncoding = 4; lastKnownFileType = sourcecode.swift; path = GameScene.swift; sourceTree = "<group>"; };
		3F821AB01B49BA650025A1B4 /* GameViewController.swift */ = {isa = PBXFileReference; fileEncoding = 4; lastKnownFileType = sourcecode.swift; path = GameViewController.swift; sourceTree = "<group>"; };
		3F821AC21B49BA6D0025A1B4 /* Default-568h@2x.png */ = {isa = PBXFileReference; lastKnownFileType = image.png; path = "Default-568h@2x.png"; sourceTree = "<group>"; };
		3F821AC31B49BA6D0025A1B4 /* Default.png */ = {isa = PBXFileReference; lastKnownFileType = image.png; path = Default.png; sourceTree = "<group>"; };
		3F821AC41B49BA6D0025A1B4 /* Default@2x.png */ = {isa = PBXFileReference; lastKnownFileType = image.png; path = "Default@2x.png"; sourceTree = "<group>"; };
		3F821AC51B49BA6D0025A1B4 /* Default@2x~ipad.png */ = {isa = PBXFileReference; lastKnownFileType = image.png; path = "Default@2x~ipad.png"; sourceTree = "<group>"; };
		3F821AC61B49BA6D0025A1B4 /* Default~ipad.png */ = {isa = PBXFileReference; lastKnownFileType = image.png; path = "Default~ipad.png"; sourceTree = "<group>"; };
		3F821AC81B49BA6D0025A1B4 /* GameMusic.mp3 */ = {isa = PBXFileReference; lastKnownFileType = audio.mp3; path = GameMusic.mp3; sourceTree = "<group>"; };
		3F821AC91B49BA6D0025A1B4 /* IntroMusic.mp3 */ = {isa = PBXFileReference; lastKnownFileType = audio.mp3; path = IntroMusic.mp3; sourceTree = "<group>"; };
		3F821ACA1B49BA6D0025A1B4 /* MenuMusic.mp3 */ = {isa = PBXFileReference; lastKnownFileType = audio.mp3; path = MenuMusic.mp3; sourceTree = "<group>"; };
		3F821ACC1B49BA6D0025A1B4 /* BackgroundParticles-iPad.sks */ = {isa = PBXFileReference; lastKnownFileType = file.sks; path = "BackgroundParticles-iPad.sks"; sourceTree = "<group>"; };
		3F821ACD1B49BA6D0025A1B4 /* BackgroundParticles-iPhone.sks */ = {isa = PBXFileReference; lastKnownFileType = file.sks; path = "BackgroundParticles-iPhone.sks"; sourceTree = "<group>"; };
		3F821ACE1B49BA6D0025A1B4 /* StarParticles-iPad.sks */ = {isa = PBXFileReference; lastKnownFileType = file.sks; path = "StarParticles-iPad.sks"; sourceTree = "<group>"; };
		3F821ACF1B49BA6D0025A1B4 /* StarParticles-iPhone.sks */ = {isa = PBXFileReference; lastKnownFileType = file.sks; path = "StarParticles-iPhone.sks"; sourceTree = "<group>"; };
		3F821AD11B49BA6D0025A1B4 /* BonusPoints.caf */ = {isa = PBXFileReference; lastKnownFileType = file; path = BonusPoints.caf; sourceTree = "<group>"; };
		3F821AD21B49BA6D0025A1B4 /* Destroyed.caf */ = {isa = PBXFileReference; lastKnownFileType = file; path = Destroyed.caf; sourceTree = "<group>"; };
		3F821AD41B49BA6D0025A1B4 /* EngineStart.caf */ = {isa = PBXFileReference; lastKnownFileType = file; path = EngineStart.caf; sourceTree = "<group>"; };
		3F821AD51B49BA6D0025A1B4 /* Explode.caf */ = {isa = PBXFileReference; lastKnownFileType = file; path = Explode.caf; sourceTree = "<group>"; };
		3F821AD61B49BA6D0025A1B4 /* Lose.caf */ = {isa = PBXFileReference; lastKnownFileType = file; path = Lose.caf; sourceTree = "<group>"; };
		3F821AD71B49BA6D0025A1B4 /* MaxBonus.caf */ = {isa = PBXFileReference; lastKnownFileType = file; path = MaxBonus.caf; sourceTree = "<group>"; };
		3F821AD81B49BA6D0025A1B4 /* Pop.caf */ = {isa = PBXFileReference; lastKnownFileType = file; path = Pop.caf; sourceTree = "<group>"; };
		3F821AD91B49BA6D0025A1B4 /* Score.caf */ = {isa = PBXFileReference; lastKnownFileType = file; path = Score.caf; sourceTree = "<group>"; };
		3F821ADE1B49BA6D0025A1B4 /* CGFloat+Extensions.swift */ = {isa = PBXFileReference; fileEncoding = 4; lastKnownFileType = sourcecode.swift; path = "CGFloat+Extensions.swift"; sourceTree = "<group>"; };
		3F821ADF1B49BA6D0025A1B4 /* CGPoint+Extensions.swift */ = {isa = PBXFileReference; fileEncoding = 4; lastKnownFileType = sourcecode.swift; path = "CGPoint+Extensions.swift"; sourceTree = "<group>"; };
		3F821AE01B49BA6D0025A1B4 /* CGVector+Extensions.swift */ = {isa = PBXFileReference; fileEncoding = 4; lastKnownFileType = sourcecode.swift; path = "CGVector+Extensions.swift"; sourceTree = "<group>"; };
		3F821AE11B49BA6D0025A1B4 /* Int+Extensions.swift */ = {isa = PBXFileReference; fileEncoding = 4; lastKnownFileType = sourcecode.swift; path = "Int+Extensions.swift"; sourceTree = "<group>"; };
		3F821AE21B49BA6D0025A1B4 /* SKAction+Extensions.swift */ = {isa = PBXFileReference; fileEncoding = 4; lastKnownFileType = sourcecode.swift; path = "SKAction+Extensions.swift"; sourceTree = "<group>"; };
		3F821AE31B49BA6D0025A1B4 /* SKAction+SpecialEffects.swift */ = {isa = PBXFileReference; fileEncoding = 4; lastKnownFileType = sourcecode.swift; path = "SKAction+SpecialEffects.swift"; sourceTree = "<group>"; };
		3F821AE41B49BA6D0025A1B4 /* SKColor+Extensions.swift */ = {isa = PBXFileReference; fileEncoding = 4; lastKnownFileType = sourcecode.swift; path = "SKColor+Extensions.swift"; sourceTree = "<group>"; };
		3F821AE51B49BA6D0025A1B4 /* SKNode+Extensions.swift */ = {isa = PBXFileReference; fileEncoding = 4; lastKnownFileType = sourcecode.swift; path = "SKNode+Extensions.swift"; sourceTree = "<group>"; };
		3F821AE61B49BA6D0025A1B4 /* SKTAudio.swift */ = {isa = PBXFileReference; fileEncoding = 4; lastKnownFileType = sourcecode.swift; path = SKTAudio.swift; sourceTree = "<group>"; };
		3F821AE71B49BA6D0025A1B4 /* SKTEffects.swift */ = {isa = PBXFileReference; fileEncoding = 4; lastKnownFileType = sourcecode.swift; path = SKTEffects.swift; sourceTree = "<group>"; };
		3F821AE81B49BA6D0025A1B4 /* SKTTimingFunctions.swift */ = {isa = PBXFileReference; fileEncoding = 4; lastKnownFileType = sourcecode.swift; path = SKTTimingFunctions.swift; sourceTree = "<group>"; };
		3F821AE91B49BA6D0025A1B4 /* Vector3.swift */ = {isa = PBXFileReference; fileEncoding = 4; lastKnownFileType = sourcecode.swift; path = Vector3.swift; sourceTree = "<group>"; };
		3FD4A5C71B4C8006005644FE /* iAd.framework */ = {isa = PBXFileReference; lastKnownFileType = wrapper.framework; name = iAd.framework; path = System/Library/Frameworks/iAd.framework; sourceTree = SDKROOT; };
		3FD4A5C91B4CA86A005644FE /* GameKit.framework */ = {isa = PBXFileReference; lastKnownFileType = wrapper.framework; name = GameKit.framework; path = System/Library/Frameworks/GameKit.framework; sourceTree = SDKROOT; };
/* End PBXFileReference section */

/* Begin PBXFrameworksBuildPhase section */
		3F7DB1441B4C66D900D95D8B /* Frameworks */ = {
			isa = PBXFrameworksBuildPhase;
			buildActionMask = 2147483647;
			files = (
				3FD4A5C81B4C8006005644FE /* iAd.framework in Frameworks */,
			);
			runOnlyForDeploymentPostprocessing = 0;
		};
		3F821A811B49BA0D0025A1B4 /* Frameworks */ = {
			isa = PBXFrameworksBuildPhase;
			buildActionMask = 2147483647;
			files = (
				3FD4A5CA1B4CA86A005644FE /* GameKit.framework in Frameworks */,
			);
			runOnlyForDeploymentPostprocessing = 0;
		};
		3F821A9A1B49BA0D0025A1B4 /* Frameworks */ = {
			isa = PBXFrameworksBuildPhase;
			buildActionMask = 2147483647;
			files = (
			);
			runOnlyForDeploymentPostprocessing = 0;
		};
/* End PBXFrameworksBuildPhase section */

/* Begin PBXGroup section */
		3F13A75A1B49BB4000DDB33B /* Overlay */ = {
			isa = PBXGroup;
			children = (
				3F13A78C1B49C05D00DDB33B /* TitleOverlay.swift */,
				3F13A7901B49C2D200DDB33B /* ScoreBoardOverlay.swift */,
			);
			name = Overlay;
			sourceTree = "<group>";
		};
		3F13A75D1B49BB5700DDB33B /* Buttons */ = {
			isa = PBXGroup;
			children = (
				3F13A7621B49BB7D00DDB33B /* LeadersButton.swift */,
				3F13A78E1B49C18500DDB33B /* PauseButton.swift */,
				3F13A7601B49BB6D00DDB33B /* RetryButton.swift */,
				3F13A75E1B49BB6300DDB33B /* MusicButton.swift */,
				3F13A7641B49BB8E00DDB33B /* StartButton.swift */,
				3F13A7661B49BB9900DDB33B /* TapButton.swift */,
			);
			name = Buttons;
			sourceTree = "<group>";
		};
		3F13A7681B49BBCB00DDB33B /* Utilities */ = {
			isa = PBXGroup;
			children = (
				3F13A76A1B49BBE400DDB33B /* Constants.swift */,
				3F13A76C1B49BBEC00DDB33B /* NetworkCheck.swift */,
				3F7DB0CB1B4B426100D95D8B /* GameKitHelper.swift */,
			);
			name = Utilities;
			sourceTree = "<group>";
		};
		3F13A7691B49BBD700DDB33B /* Shared Resources */ = {
			isa = PBXGroup;
			children = (
				3F13A7811B49BCED00DDB33B /* GameTextures.swift */,
				3F13A7831B49BCF600DDB33B /* GameAudio.swift */,
				3F13A7851B49BD0100DDB33B /* GameSettings.swift */,
				3F13A78A1B49BFD200DDB33B /* GameParticles.swift */,
				3F13A7921B49C2F400DDB33B /* GameFonts.swift */,
			);
			name = "Shared Resources";
			sourceTree = "<group>";
		};
		3F13A76E1B49BC4B00DDB33B /* Background */ = {
			isa = PBXGroup;
			children = (
				3F13A76F1B49BC5800DDB33B /* Background.swift */,
			);
			name = Background;
			sourceTree = "<group>";
		};
		3F13A7711B49BC5D00DDB33B /* Stars */ = {
			isa = PBXGroup;
			children = (
				3F13A77D1B49BCCD00DDB33B /* Star.swift */,
				3F13A77F1B49BCD600DDB33B /* StarController.swift */,
			);
			name = Stars;
			sourceTree = "<group>";
		};
		3F13A7721B49BC6B00DDB33B /* Meteors */ = {
			isa = PBXGroup;
			children = (
				3F13A7791B49BCB500DDB33B /* Meteor.swift */,
				3F13A77B1B49BCC000DDB33B /* MeteorController.swift */,
			);
			name = Meteors;
			sourceTree = "<group>";
		};
		3F13A7731B49BC7200DDB33B /* Status Bar */ = {
			isa = PBXGroup;
			children = (
				3F13A7771B49BC9A00DDB33B /* StatusBar.swift */,
			);
			name = "Status Bar";
			sourceTree = "<group>";
		};
		3F13A7741B49BC8500DDB33B /* Player */ = {
			isa = PBXGroup;
			children = (
				3F13A7751B49BC8E00DDB33B /* Player.swift */,
			);
			name = Player;
			sourceTree = "<group>";
		};
		3F13A7871B49BF0900DDB33B /* Fonts */ = {
			isa = PBXGroup;
			children = (
				3F13A7881B49BF0900DDB33B /* editundo.ttf */,
			);
			path = Fonts;
			sourceTree = "<group>";
		};
		3F13A7941B49C8D300DDB33B /* Shaders */ = {
			isa = PBXGroup;
			children = (
				3F13A7951B49C8E600DDB33B /* Pixelate.fsh */,
			);
			name = Shaders;
			sourceTree = "<group>";
		};
		3F7DB0BF1B4A153600D95D8B /* Overlay Elements */ = {
			isa = PBXGroup;
			children = (
				3F7DB0C01B4A154D00D95D8B /* Title.swift */,
				3F7DB0C21B4A17C000D95D8B /* GameOver.swift */,
			);
			name = "Overlay Elements";
			sourceTree = "<group>";
		};
		3F7DB0E61B4C2A7200D95D8B /* Sprite Sheets */ = {
			isa = PBXGroup;
			children = (
				3F7DB0E71B4C2A7200D95D8B /* GameArt.atlasc */,
			);
			path = "Sprite Sheets";
			sourceTree = "<group>";
		};
		3F7DB0E71B4C2A7200D95D8B /* GameArt.atlasc */ = {
			isa = PBXGroup;
			children = (
				3F7DB10E1B4C36A500D95D8B /* GameArt.1.png */,
				3F7DB10F1B4C36A500D95D8B /* GameArt.1@2x.png */,
				3F7DB1101B4C36A500D95D8B /* GameArt.1@2x~ipad.png */,
				3F7DB1111B4C36A500D95D8B /* GameArt.1@3x.png */,
				3F7DB1121B4C36A500D95D8B /* GameArt.plist */,
			);
			path = GameArt.atlasc;
			sourceTree = "<group>";
		};
		3F821A7B1B49BA0D0025A1B4 = {
			isa = PBXGroup;
			children = (
				3FD4A5C91B4CA86A005644FE /* GameKit.framework */,
				3FD4A5C71B4C8006005644FE /* iAd.framework */,
				3F821A861B49BA0D0025A1B4 /* Terranous */,
				3F821AA01B49BA0D0025A1B4 /* TerranousTests */,
				3F821A851B49BA0D0025A1B4 /* Products */,
				3F7DB16B1B4C66D900D95D8B /* Terranous copy-Info.plist */,
			);
			sourceTree = "<group>";
		};
		3F821A851B49BA0D0025A1B4 /* Products */ = {
			isa = PBXGroup;
			children = (
				3F821A841B49BA0D0025A1B4 /* Terranous.app */,
				3F821A9D1B49BA0D0025A1B4 /* TerranousTests.xctest */,
				3F7DB16A1B4C66D900D95D8B /* Terranous copy.app */,
			);
			name = Products;
			sourceTree = "<group>";
		};
		3F821A861B49BA0D0025A1B4 /* Terranous */ = {
			isa = PBXGroup;
			children = (
				3F821AB41B49BA6C0025A1B4 /* Resources */,
				3F821AAD1B49BA650025A1B4 /* Classes */,
				3F821A941B49BA0D0025A1B4 /* Images.xcassets */,
				3F821A871B49BA0D0025A1B4 /* Supporting Files */,
			);
			path = Terranous;
			sourceTree = "<group>";
		};
		3F821A871B49BA0D0025A1B4 /* Supporting Files */ = {
			isa = PBXGroup;
			children = (
				3F821A881B49BA0D0025A1B4 /* Info.plist */,
			);
			name = "Supporting Files";
			sourceTree = "<group>";
		};
		3F821AA01B49BA0D0025A1B4 /* TerranousTests */ = {
			isa = PBXGroup;
			children = (
				3F821AA31B49BA0D0025A1B4 /* TerranousTests.swift */,
				3F821AA11B49BA0D0025A1B4 /* Supporting Files */,
			);
			path = TerranousTests;
			sourceTree = "<group>";
		};
		3F821AA11B49BA0D0025A1B4 /* Supporting Files */ = {
			isa = PBXGroup;
			children = (
				3F821AA21B49BA0D0025A1B4 /* Info.plist */,
			);
			name = "Supporting Files";
			sourceTree = "<group>";
		};
		3F821AAD1B49BA650025A1B4 /* Classes */ = {
			isa = PBXGroup;
			children = (
				3F13A7941B49C8D300DDB33B /* Shaders */,
				3F13A7741B49BC8500DDB33B /* Player */,
				3F13A7731B49BC7200DDB33B /* Status Bar */,
				3F13A7721B49BC6B00DDB33B /* Meteors */,
				3F13A7711B49BC5D00DDB33B /* Stars */,
				3F13A76E1B49BC4B00DDB33B /* Background */,
				3F13A75D1B49BB5700DDB33B /* Buttons */,
				3F7DB0BF1B4A153600D95D8B /* Overlay Elements */,
				3F13A75A1B49BB4000DDB33B /* Overlay */,
				3F821B171B49BA840025A1B4 /* Scenes */,
				3F13A7691B49BBD700DDB33B /* Shared Resources */,
				3F13A7681B49BBCB00DDB33B /* Utilities */,
				3F821B161B49BA730025A1B4 /* View Controller */,
			);
			path = Classes;
			sourceTree = "<group>";
		};
		3F821AB41B49BA6C0025A1B4 /* Resources */ = {
			isa = PBXGroup;
			children = (
				3F821AB51B49BA6D0025A1B4 /* Artwork */,
				3F821ADC1B49BA6D0025A1B4 /* Library */,
			);
			path = Resources;
			sourceTree = "<group>";
		};
		3F821AB51B49BA6D0025A1B4 /* Artwork */ = {
			isa = PBXGroup;
			children = (
				3F13A7871B49BF0900DDB33B /* Fonts */,
				3F821AC11B49BA6D0025A1B4 /* Launch */,
				3F821AC71B49BA6D0025A1B4 /* Music */,
				3F821ACB1B49BA6D0025A1B4 /* Particles */,
				3F821AD01B49BA6D0025A1B4 /* Sound Effects */,
				3F7DB0E61B4C2A7200D95D8B /* Sprite Sheets */,
			);
			path = Artwork;
			sourceTree = "<group>";
		};
		3F821AC11B49BA6D0025A1B4 /* Launch */ = {
			isa = PBXGroup;
			children = (
				3F821AC21B49BA6D0025A1B4 /* Default-568h@2x.png */,
				3F821AC31B49BA6D0025A1B4 /* Default.png */,
				3F821AC41B49BA6D0025A1B4 /* Default@2x.png */,
				3F821AC51B49BA6D0025A1B4 /* Default@2x~ipad.png */,
				3F821AC61B49BA6D0025A1B4 /* Default~ipad.png */,
			);
			path = Launch;
			sourceTree = "<group>";
		};
		3F821AC71B49BA6D0025A1B4 /* Music */ = {
			isa = PBXGroup;
			children = (
				3F821AC81B49BA6D0025A1B4 /* GameMusic.mp3 */,
				3F821AC91B49BA6D0025A1B4 /* IntroMusic.mp3 */,
				3F821ACA1B49BA6D0025A1B4 /* MenuMusic.mp3 */,
			);
			path = Music;
			sourceTree = "<group>";
		};
		3F821ACB1B49BA6D0025A1B4 /* Particles */ = {
			isa = PBXGroup;
			children = (
				3F821ACC1B49BA6D0025A1B4 /* BackgroundParticles-iPad.sks */,
				3F821ACD1B49BA6D0025A1B4 /* BackgroundParticles-iPhone.sks */,
				3F821ACE1B49BA6D0025A1B4 /* StarParticles-iPad.sks */,
				3F821ACF1B49BA6D0025A1B4 /* StarParticles-iPhone.sks */,
				3F7DB0CF1B4B4BF200D95D8B /* EngineParticles-iPhone.sks */,
				3F7DB0D31B4B4FA000D95D8B /* EngineParticles-iPad.sks */,
			);
			path = Particles;
			sourceTree = "<group>";
		};
		3F821AD01B49BA6D0025A1B4 /* Sound Effects */ = {
			isa = PBXGroup;
			children = (
				3F821AD11B49BA6D0025A1B4 /* BonusPoints.caf */,
				3F821AD21B49BA6D0025A1B4 /* Destroyed.caf */,
				3F821AD41B49BA6D0025A1B4 /* EngineStart.caf */,
				3F821AD51B49BA6D0025A1B4 /* Explode.caf */,
				3F821AD61B49BA6D0025A1B4 /* Lose.caf */,
				3F821AD71B49BA6D0025A1B4 /* MaxBonus.caf */,
				3F821AD81B49BA6D0025A1B4 /* Pop.caf */,
				3F821AD91B49BA6D0025A1B4 /* Score.caf */,
			);
			path = "Sound Effects";
			sourceTree = "<group>";
		};
		3F821ADC1B49BA6D0025A1B4 /* Library */ = {
			isa = PBXGroup;
			children = (
				3F821ADD1B49BA6D0025A1B4 /* SKTUtils */,
			);
			path = Library;
			sourceTree = "<group>";
		};
		3F821ADD1B49BA6D0025A1B4 /* SKTUtils */ = {
			isa = PBXGroup;
			children = (
				3F821ADE1B49BA6D0025A1B4 /* CGFloat+Extensions.swift */,
				3F821ADF1B49BA6D0025A1B4 /* CGPoint+Extensions.swift */,
				3F821AE01B49BA6D0025A1B4 /* CGVector+Extensions.swift */,
				3F821AE11B49BA6D0025A1B4 /* Int+Extensions.swift */,
				3F821AE21B49BA6D0025A1B4 /* SKAction+Extensions.swift */,
				3F821AE31B49BA6D0025A1B4 /* SKAction+SpecialEffects.swift */,
				3F821AE41B49BA6D0025A1B4 /* SKColor+Extensions.swift */,
				3F821AE51B49BA6D0025A1B4 /* SKNode+Extensions.swift */,
				3F821AE61B49BA6D0025A1B4 /* SKTAudio.swift */,
				3F821AE71B49BA6D0025A1B4 /* SKTEffects.swift */,
				3F821AE81B49BA6D0025A1B4 /* SKTTimingFunctions.swift */,
				3F821AE91B49BA6D0025A1B4 /* Vector3.swift */,
			);
			path = SKTUtils;
			sourceTree = "<group>";
		};
		3F821B161B49BA730025A1B4 /* View Controller */ = {
			isa = PBXGroup;
			children = (
				3F821AAE1B49BA650025A1B4 /* AppDelegate.swift */,
				3F821AB01B49BA650025A1B4 /* GameViewController.swift */,
				3F821A911B49BA0D0025A1B4 /* Main.storyboard */,
			);
			name = "View Controller";
			sourceTree = "<group>";
		};
		3F821B171B49BA840025A1B4 /* Scenes */ = {
			isa = PBXGroup;
			children = (
				3F13A7561B49BB1E00DDB33B /* MenuScene.swift */,
				3F821AAF1B49BA650025A1B4 /* GameScene.swift */,
				3F13A7581B49BB2D00DDB33B /* GameOverScene.swift */,
			);
			name = Scenes;
			sourceTree = "<group>";
		};
/* End PBXGroup section */

/* Begin PBXNativeTarget section */
		3F7DB1181B4C66D900D95D8B /* Terranous Free */ = {
			isa = PBXNativeTarget;
			buildConfigurationList = 3F7DB1671B4C66D900D95D8B /* Build configuration list for PBXNativeTarget "Terranous Free" */;
			buildPhases = (
				3F7DB1191B4C66D900D95D8B /* Sources */,
				3F7DB1441B4C66D900D95D8B /* Frameworks */,
				3F7DB1461B4C66D900D95D8B /* Resources */,
			);
			buildRules = (
			);
			dependencies = (
			);
			name = "Terranous Free";
			productName = Terranous;
			productReference = 3F7DB16A1B4C66D900D95D8B /* Terranous copy.app */;
			productType = "com.apple.product-type.application";
		};
		3F821A831B49BA0D0025A1B4 /* Terranous */ = {
			isa = PBXNativeTarget;
			buildConfigurationList = 3F821AA71B49BA0D0025A1B4 /* Build configuration list for PBXNativeTarget "Terranous" */;
			buildPhases = (
				3F821A801B49BA0D0025A1B4 /* Sources */,
				3F821A811B49BA0D0025A1B4 /* Frameworks */,
				3F821A821B49BA0D0025A1B4 /* Resources */,
			);
			buildRules = (
			);
			dependencies = (
			);
			name = Terranous;
			productName = Terranous;
			productReference = 3F821A841B49BA0D0025A1B4 /* Terranous.app */;
			productType = "com.apple.product-type.application";
		};
		3F821A9C1B49BA0D0025A1B4 /* TerranousTests */ = {
			isa = PBXNativeTarget;
			buildConfigurationList = 3F821AAA1B49BA0D0025A1B4 /* Build configuration list for PBXNativeTarget "TerranousTests" */;
			buildPhases = (
				3F821A991B49BA0D0025A1B4 /* Sources */,
				3F821A9A1B49BA0D0025A1B4 /* Frameworks */,
				3F821A9B1B49BA0D0025A1B4 /* Resources */,
			);
			buildRules = (
			);
			dependencies = (
				3F821A9F1B49BA0D0025A1B4 /* PBXTargetDependency */,
			);
			name = TerranousTests;
			productName = TerranousTests;
			productReference = 3F821A9D1B49BA0D0025A1B4 /* TerranousTests.xctest */;
			productType = "com.apple.product-type.bundle.unit-test";
		};
/* End PBXNativeTarget section */

/* Begin PBXProject section */
		3F821A7C1B49BA0D0025A1B4 /* Project object */ = {
			isa = PBXProject;
			attributes = {
				LastUpgradeCheck = 0640;
				ORGANIZATIONNAME = "Jeremy Novak";
				TargetAttributes = {
					3F7DB1181B4C66D900D95D8B = {
						DevelopmentTeam = DHP96MS93Z;
						SystemCapabilities = {
							com.apple.GameCenter = {
								enabled = 0;
							};
						};
					};
					3F821A831B49BA0D0025A1B4 = {
						CreatedOnToolsVersion = 6.4;
						DevelopmentTeam = DHP96MS93Z;
						SystemCapabilities = {
							com.apple.GameCenter = {
								enabled = 1;
							};
						};
					};
					3F821A9C1B49BA0D0025A1B4 = {
						CreatedOnToolsVersion = 6.4;
						TestTargetID = 3F821A831B49BA0D0025A1B4;
					};
				};
			};
			buildConfigurationList = 3F821A7F1B49BA0D0025A1B4 /* Build configuration list for PBXProject "Terranous" */;
			compatibilityVersion = "Xcode 3.2";
			developmentRegion = English;
			hasScannedForEncodings = 0;
			knownRegions = (
				en,
				Base,
			);
			mainGroup = 3F821A7B1B49BA0D0025A1B4;
			productRefGroup = 3F821A851B49BA0D0025A1B4 /* Products */;
			projectDirPath = "";
			projectRoot = "";
			targets = (
				3F821A831B49BA0D0025A1B4 /* Terranous */,
				3F7DB1181B4C66D900D95D8B /* Terranous Free */,
				3F821A9C1B49BA0D0025A1B4 /* TerranousTests */,
			);
		};
/* End PBXProject section */

/* Begin PBXResourcesBuildPhase section */
		3F7DB1461B4C66D900D95D8B /* Resources */ = {
			isa = PBXResourcesBuildPhase;
			buildActionMask = 2147483647;
			files = (
				3F7DB1471B4C66D900D95D8B /* GameArt.1.png in Resources */,
				3F7DB1481B4C66D900D95D8B /* Default@2x.png in Resources */,
				3F7DB1491B4C66D900D95D8B /* Destroyed.caf in Resources */,
				3F7DB14A1B4C66D900D95D8B /* Score.caf in Resources */,
				3F7DB14B1B4C66D900D95D8B /* GameArt.1@2x.png in Resources */,
				3F7DB14C1B4C66D900D95D8B /* StarParticles-iPhone.sks in Resources */,
				3F7DB14D1B4C66D900D95D8B /* BackgroundParticles-iPhone.sks in Resources */,
				3F7DB14F1B4C66D900D95D8B /* GameArt.plist in Resources */,
				3F7DB1501B4C66D900D95D8B /* editundo.ttf in Resources */,
				3F7DB1511B4C66D900D95D8B /* Images.xcassets in Resources */,
				3F7DB1521B4C66D900D95D8B /* StarParticles-iPad.sks in Resources */,
				3F7DB1531B4C66D900D95D8B /* Pixelate.fsh in Resources */,
				3F7DB1541B4C66D900D95D8B /* EngineParticles-iPad.sks in Resources */,
				3F7DB1551B4C66D900D95D8B /* Default~ipad.png in Resources */,
				3F7DB1561B4C66D900D95D8B /* Explode.caf in Resources */,
				3F7DB1571B4C66D900D95D8B /* MenuMusic.mp3 in Resources */,
				3F7DB1581B4C66D900D95D8B /* IntroMusic.mp3 in Resources */,
				3F7DB1591B4C66D900D95D8B /* Default.png in Resources */,
				3F7DB15A1B4C66D900D95D8B /* Main.storyboard in Resources */,
				3F7DB15B1B4C66D900D95D8B /* Default-568h@2x.png in Resources */,
				3F7DB15C1B4C66D900D95D8B /* MaxBonus.caf in Resources */,
				3F7DB15D1B4C66D900D95D8B /* Default@2x~ipad.png in Resources */,
				3F7DB15E1B4C66D900D95D8B /* BackgroundParticles-iPad.sks in Resources */,
				3F7DB15F1B4C66D900D95D8B /* EngineStart.caf in Resources */,
				3F7DB1601B4C66D900D95D8B /* BonusPoints.caf in Resources */,
				3F7DB1611B4C66D900D95D8B /* GameArt.1@3x.png in Resources */,
				3F7DB1621B4C66D900D95D8B /* Pop.caf in Resources */,
				3F7DB1631B4C66D900D95D8B /* GameMusic.mp3 in Resources */,
				3F7DB1641B4C66D900D95D8B /* EngineParticles-iPhone.sks in Resources */,
				3F7DB1651B4C66D900D95D8B /* GameArt.1@2x~ipad.png in Resources */,
				3F7DB1661B4C66D900D95D8B /* Lose.caf in Resources */,
			);
			runOnlyForDeploymentPostprocessing = 0;
		};
		3F821A821B49BA0D0025A1B4 /* Resources */ = {
			isa = PBXResourcesBuildPhase;
			buildActionMask = 2147483647;
			files = (
				3F7DB1131B4C36A500D95D8B /* GameArt.1.png in Resources */,
				3F821AF61B49BA6D0025A1B4 /* Default@2x.png in Resources */,
				3F821B011B49BA6D0025A1B4 /* Destroyed.caf in Resources */,
				3F821B081B49BA6D0025A1B4 /* Score.caf in Resources */,
				3F7DB1141B4C36A500D95D8B /* GameArt.1@2x.png in Resources */,
				3F821AFF1B49BA6D0025A1B4 /* StarParticles-iPhone.sks in Resources */,
				3F821AFD1B49BA6D0025A1B4 /* BackgroundParticles-iPhone.sks in Resources */,
				3F7DB1171B4C36A500D95D8B /* GameArt.plist in Resources */,
				3F13A7891B49BF0900DDB33B /* editundo.ttf in Resources */,
				3F821A951B49BA0D0025A1B4 /* Images.xcassets in Resources */,
				3F821AFE1B49BA6D0025A1B4 /* StarParticles-iPad.sks in Resources */,
				3F13A7961B49C8E600DDB33B /* Pixelate.fsh in Resources */,
				3F7DB0D41B4B4FA000D95D8B /* EngineParticles-iPad.sks in Resources */,
				3F821AF81B49BA6D0025A1B4 /* Default~ipad.png in Resources */,
				3F821B041B49BA6D0025A1B4 /* Explode.caf in Resources */,
				3F821AFB1B49BA6D0025A1B4 /* MenuMusic.mp3 in Resources */,
				3F821AFA1B49BA6D0025A1B4 /* IntroMusic.mp3 in Resources */,
				3F821AF51B49BA6D0025A1B4 /* Default.png in Resources */,
				3F821A931B49BA0D0025A1B4 /* Main.storyboard in Resources */,
				3F821AF41B49BA6D0025A1B4 /* Default-568h@2x.png in Resources */,
				3F821B061B49BA6D0025A1B4 /* MaxBonus.caf in Resources */,
				3F821AF71B49BA6D0025A1B4 /* Default@2x~ipad.png in Resources */,
				3F821AFC1B49BA6D0025A1B4 /* BackgroundParticles-iPad.sks in Resources */,
				3F821B031B49BA6D0025A1B4 /* EngineStart.caf in Resources */,
				3F821B001B49BA6D0025A1B4 /* BonusPoints.caf in Resources */,
				3F7DB1161B4C36A500D95D8B /* GameArt.1@3x.png in Resources */,
				3F821B071B49BA6D0025A1B4 /* Pop.caf in Resources */,
				3F821AF91B49BA6D0025A1B4 /* GameMusic.mp3 in Resources */,
				3F7DB0D11B4B4BF200D95D8B /* EngineParticles-iPhone.sks in Resources */,
				3F7DB1151B4C36A500D95D8B /* GameArt.1@2x~ipad.png in Resources */,
				3F821B051B49BA6D0025A1B4 /* Lose.caf in Resources */,
			);
			runOnlyForDeploymentPostprocessing = 0;
		};
		3F821A9B1B49BA0D0025A1B4 /* Resources */ = {
			isa = PBXResourcesBuildPhase;
			buildActionMask = 2147483647;
			files = (
			);
			runOnlyForDeploymentPostprocessing = 0;
		};
/* End PBXResourcesBuildPhase section */

/* Begin PBXSourcesBuildPhase section */
		3F7DB1191B4C66D900D95D8B /* Sources */ = {
			isa = PBXSourcesBuildPhase;
			buildActionMask = 2147483647;
			files = (
				3F7DB11A1B4C66D900D95D8B /* Star.swift in Sources */,
				3F7DB11B1B4C66D900D95D8B /* GameScene.swift in Sources */,
				3F7DB11C1B4C66D900D95D8B /* CGPoint+Extensions.swift in Sources */,
				3F7DB11D1B4C66D900D95D8B /* RetryButton.swift in Sources */,
				3F7DB11E1B4C66D900D95D8B /* TapButton.swift in Sources */,
				3F7DB11F1B4C66D900D95D8B /* SKTTimingFunctions.swift in Sources */,
				3F7DB1201B4C66D900D95D8B /* SKTEffects.swift in Sources */,
				3F7DB1211B4C66D900D95D8B /* GameOverScene.swift in Sources */,
				3F7DB1221B4C66D900D95D8B /* MeteorController.swift in Sources */,
				3F7DB1231B4C66D900D95D8B /* StatusBar.swift in Sources */,
				3F7DB1241B4C66D900D95D8B /* SKAction+SpecialEffects.swift in Sources */,
				3F7DB1251B4C66D900D95D8B /* CGVector+Extensions.swift in Sources */,
				3F7DB1261B4C66D900D95D8B /* PauseButton.swift in Sources */,
				3F7DB1271B4C66D900D95D8B /* StarController.swift in Sources */,
				3F7DB1281B4C66D900D95D8B /* Title.swift in Sources */,
				3F7DB1291B4C66D900D95D8B /* SKAction+Extensions.swift in Sources */,
				3F7DB12A1B4C66D900D95D8B /* Background.swift in Sources */,
				3F7DB12B1B4C66D900D95D8B /* SKColor+Extensions.swift in Sources */,
				3F7DB12C1B4C66D900D95D8B /* GameViewController.swift in Sources */,
				3F7DB12D1B4C66D900D95D8B /* MusicButton.swift in Sources */,
				3F7DB12E1B4C66D900D95D8B /* Int+Extensions.swift in Sources */,
				3F7DB12F1B4C66D900D95D8B /* GameAudio.swift in Sources */,
				3F7DB1301B4C66D900D95D8B /* GameFonts.swift in Sources */,
				3F7DB1311B4C66D900D95D8B /* GameKitHelper.swift in Sources */,
				3F7DB1321B4C66D900D95D8B /* ScoreBoardOverlay.swift in Sources */,
				3F7DB1331B4C66D900D95D8B /* StartButton.swift in Sources */,
				3F7DB1341B4C66D900D95D8B /* LeadersButton.swift in Sources */,
				3F7DB1351B4C66D900D95D8B /* GameParticles.swift in Sources */,
				3F7DB1361B4C66D900D95D8B /* GameOver.swift in Sources */,
				3F7DB1371B4C66D900D95D8B /* Meteor.swift in Sources */,
				3F7DB1381B4C66D900D95D8B /* SKNode+Extensions.swift in Sources */,
				3F7DB1391B4C66D900D95D8B /* SKTAudio.swift in Sources */,
				3F7DB13A1B4C66D900D95D8B /* CGFloat+Extensions.swift in Sources */,
				3F7DB13B1B4C66D900D95D8B /* TitleOverlay.swift in Sources */,
				3F7DB13C1B4C66D900D95D8B /* GameSettings.swift in Sources */,
				3F7DB13D1B4C66D900D95D8B /* MenuScene.swift in Sources */,
				3F7DB13E1B4C66D900D95D8B /* NetworkCheck.swift in Sources */,
				3F7DB13F1B4C66D900D95D8B /* Vector3.swift in Sources */,
				3F7DB1401B4C66D900D95D8B /* AppDelegate.swift in Sources */,
				3F7DB1411B4C66D900D95D8B /* Player.swift in Sources */,
				3F7DB1421B4C66D900D95D8B /* GameTextures.swift in Sources */,
				3F7DB1431B4C66D900D95D8B /* Constants.swift in Sources */,
			);
			runOnlyForDeploymentPostprocessing = 0;
		};
		3F821A801B49BA0D0025A1B4 /* Sources */ = {
			isa = PBXSourcesBuildPhase;
			buildActionMask = 2147483647;
			files = (
				3F13A77E1B49BCCD00DDB33B /* Star.swift in Sources */,
				3F821AB21B49BA650025A1B4 /* GameScene.swift in Sources */,
				3F821B0B1B49BA6D0025A1B4 /* CGPoint+Extensions.swift in Sources */,
				3F13A7611B49BB6D00DDB33B /* RetryButton.swift in Sources */,
				3F13A7671B49BB9900DDB33B /* TapButton.swift in Sources */,
				3F821B141B49BA6D0025A1B4 /* SKTTimingFunctions.swift in Sources */,
				3F821B131B49BA6D0025A1B4 /* SKTEffects.swift in Sources */,
				3F13A7591B49BB2D00DDB33B /* GameOverScene.swift in Sources */,
				3F13A77C1B49BCC000DDB33B /* MeteorController.swift in Sources */,
				3F13A7781B49BC9A00DDB33B /* StatusBar.swift in Sources */,
				3F821B0F1B49BA6D0025A1B4 /* SKAction+SpecialEffects.swift in Sources */,
				3F821B0C1B49BA6D0025A1B4 /* CGVector+Extensions.swift in Sources */,
				3F13A78F1B49C18500DDB33B /* PauseButton.swift in Sources */,
				3F13A7801B49BCD600DDB33B /* StarController.swift in Sources */,
				3F7DB0C11B4A154D00D95D8B /* Title.swift in Sources */,
				3F821B0E1B49BA6D0025A1B4 /* SKAction+Extensions.swift in Sources */,
				3F13A7701B49BC5800DDB33B /* Background.swift in Sources */,
				3F821B101B49BA6D0025A1B4 /* SKColor+Extensions.swift in Sources */,
				3F821AB31B49BA650025A1B4 /* GameViewController.swift in Sources */,
				3F13A75F1B49BB6300DDB33B /* MusicButton.swift in Sources */,
				3F821B0D1B49BA6D0025A1B4 /* Int+Extensions.swift in Sources */,
				3F13A7841B49BCF600DDB33B /* GameAudio.swift in Sources */,
				3F13A7931B49C2F400DDB33B /* GameFonts.swift in Sources */,
				3F7DB0CC1B4B426100D95D8B /* GameKitHelper.swift in Sources */,
				3F13A7911B49C2D200DDB33B /* ScoreBoardOverlay.swift in Sources */,
				3F13A7651B49BB8E00DDB33B /* StartButton.swift in Sources */,
				3F13A7631B49BB7D00DDB33B /* LeadersButton.swift in Sources */,
				3F13A78B1B49BFD200DDB33B /* GameParticles.swift in Sources */,
				3F7DB0C31B4A17C000D95D8B /* GameOver.swift in Sources */,
				3F13A77A1B49BCB500DDB33B /* Meteor.swift in Sources */,
				3F821B111B49BA6D0025A1B4 /* SKNode+Extensions.swift in Sources */,
				3F821B121B49BA6D0025A1B4 /* SKTAudio.swift in Sources */,
				3F821B0A1B49BA6D0025A1B4 /* CGFloat+Extensions.swift in Sources */,
				3F13A78D1B49C05D00DDB33B /* TitleOverlay.swift in Sources */,
				3F13A7861B49BD0100DDB33B /* GameSettings.swift in Sources */,
				3F13A7571B49BB1E00DDB33B /* MenuScene.swift in Sources */,
				3F13A76D1B49BBEC00DDB33B /* NetworkCheck.swift in Sources */,
				3F821B151B49BA6D0025A1B4 /* Vector3.swift in Sources */,
				3F821AB11B49BA650025A1B4 /* AppDelegate.swift in Sources */,
				3F13A7761B49BC8E00DDB33B /* Player.swift in Sources */,
				3F13A7821B49BCED00DDB33B /* GameTextures.swift in Sources */,
				3F13A76B1B49BBE400DDB33B /* Constants.swift in Sources */,
			);
			runOnlyForDeploymentPostprocessing = 0;
		};
		3F821A991B49BA0D0025A1B4 /* Sources */ = {
			isa = PBXSourcesBuildPhase;
			buildActionMask = 2147483647;
			files = (
				3F821AA41B49BA0D0025A1B4 /* TerranousTests.swift in Sources */,
			);
			runOnlyForDeploymentPostprocessing = 0;
		};
/* End PBXSourcesBuildPhase section */

/* Begin PBXTargetDependency section */
		3F821A9F1B49BA0D0025A1B4 /* PBXTargetDependency */ = {
			isa = PBXTargetDependency;
			target = 3F821A831B49BA0D0025A1B4 /* Terranous */;
			targetProxy = 3F821A9E1B49BA0D0025A1B4 /* PBXContainerItemProxy */;
		};
/* End PBXTargetDependency section */

/* Begin PBXVariantGroup section */
		3F821A911B49BA0D0025A1B4 /* Main.storyboard */ = {
			isa = PBXVariantGroup;
			children = (
				3F821A921B49BA0D0025A1B4 /* Base */,
			);
			name = Main.storyboard;
			path = ..;
			sourceTree = "<group>";
		};
/* End PBXVariantGroup section */

/* Begin XCBuildConfiguration section */
		3F7DB1681B4C66D900D95D8B /* Debug */ = {
			isa = XCBuildConfiguration;
			buildSettings = {
				ASSETCATALOG_COMPILER_APPICON_NAME = AppIcon;
				CODE_SIGN_IDENTITY = "iPhone Developer";
				"CODE_SIGN_IDENTITY[sdk=iphoneos*]" = "iPhone Developer";
				GCC_PREPROCESSOR_DEFINITIONS = "DEBUG=1";
				INFOPLIST_FILE = "Terranous copy-Info.plist";
				IPHONEOS_DEPLOYMENT_TARGET = 8.0;
				LD_RUNPATH_SEARCH_PATHS = "$(inherited) @executable_path/Frameworks";
				OTHER_SWIFT_FLAGS = "-D FREE";
				PRODUCT_NAME = "Terranous copy";
				PROVISIONING_PROFILE = "";
			};
			name = Debug;
		};
		3F7DB1691B4C66D900D95D8B /* Release */ = {
			isa = XCBuildConfiguration;
			buildSettings = {
				ASSETCATALOG_COMPILER_APPICON_NAME = AppIcon;
				CODE_SIGN_IDENTITY = "iPhone Developer";
				"CODE_SIGN_IDENTITY[sdk=iphoneos*]" = "iPhone Developer";
				GCC_PREPROCESSOR_DEFINITIONS = "";
				INFOPLIST_FILE = "Terranous copy-Info.plist";
				IPHONEOS_DEPLOYMENT_TARGET = 8.0;
				LD_RUNPATH_SEARCH_PATHS = "$(inherited) @executable_path/Frameworks";
				OTHER_SWIFT_FLAGS = "-D FREE";
				PRODUCT_NAME = "Terranous copy";
				PROVISIONING_PROFILE = "";
			};
			name = Release;
		};
		3F821AA51B49BA0D0025A1B4 /* Debug */ = {
			isa = XCBuildConfiguration;
			buildSettings = {
				ALWAYS_SEARCH_USER_PATHS = NO;
				CLANG_CXX_LANGUAGE_STANDARD = "gnu++0x";
				CLANG_CXX_LIBRARY = "libc++";
				CLANG_ENABLE_MODULES = YES;
				CLANG_ENABLE_OBJC_ARC = YES;
				CLANG_WARN_BOOL_CONVERSION = YES;
				CLANG_WARN_CONSTANT_CONVERSION = YES;
				CLANG_WARN_DIRECT_OBJC_ISA_USAGE = YES_ERROR;
				CLANG_WARN_EMPTY_BODY = YES;
				CLANG_WARN_ENUM_CONVERSION = YES;
				CLANG_WARN_INT_CONVERSION = YES;
				CLANG_WARN_OBJC_ROOT_CLASS = YES_ERROR;
				CLANG_WARN_UNREACHABLE_CODE = YES;
				CLANG_WARN__DUPLICATE_METHOD_MATCH = YES;
				"CODE_SIGN_IDENTITY[sdk=iphoneos*]" = "iPhone Developer";
				COPY_PHASE_STRIP = NO;
				DEBUG_INFORMATION_FORMAT = "dwarf-with-dsym";
				ENABLE_STRICT_OBJC_MSGSEND = YES;
				GCC_C_LANGUAGE_STANDARD = gnu99;
				GCC_DYNAMIC_NO_PIC = NO;
				GCC_NO_COMMON_BLOCKS = YES;
				GCC_OPTIMIZATION_LEVEL = 0;
				GCC_PREPROCESSOR_DEFINITIONS = (
					"DEBUG=1",
					"$(inherited)",
				);
				GCC_SYMBOLS_PRIVATE_EXTERN = NO;
				GCC_WARN_64_TO_32_BIT_CONVERSION = YES;
				GCC_WARN_ABOUT_RETURN_TYPE = YES_ERROR;
				GCC_WARN_UNDECLARED_SELECTOR = YES;
				GCC_WARN_UNINITIALIZED_AUTOS = YES_AGGRESSIVE;
				GCC_WARN_UNUSED_FUNCTION = YES;
				GCC_WARN_UNUSED_VARIABLE = YES;
				IPHONEOS_DEPLOYMENT_TARGET = 8.4;
				MTL_ENABLE_DEBUG_INFO = YES;
				ONLY_ACTIVE_ARCH = YES;
				SDKROOT = iphoneos;
				SWIFT_OPTIMIZATION_LEVEL = "-Onone";
				TARGETED_DEVICE_FAMILY = "1,2";
			};
			name = Debug;
		};
		3F821AA61B49BA0D0025A1B4 /* Release */ = {
			isa = XCBuildConfiguration;
			buildSettings = {
				ALWAYS_SEARCH_USER_PATHS = NO;
				CLANG_CXX_LANGUAGE_STANDARD = "gnu++0x";
				CLANG_CXX_LIBRARY = "libc++";
				CLANG_ENABLE_MODULES = YES;
				CLANG_ENABLE_OBJC_ARC = YES;
				CLANG_WARN_BOOL_CONVERSION = YES;
				CLANG_WARN_CONSTANT_CONVERSION = YES;
				CLANG_WARN_DIRECT_OBJC_ISA_USAGE = YES_ERROR;
				CLANG_WARN_EMPTY_BODY = YES;
				CLANG_WARN_ENUM_CONVERSION = YES;
				CLANG_WARN_INT_CONVERSION = YES;
				CLANG_WARN_OBJC_ROOT_CLASS = YES_ERROR;
				CLANG_WARN_UNREACHABLE_CODE = YES;
				CLANG_WARN__DUPLICATE_METHOD_MATCH = YES;
				"CODE_SIGN_IDENTITY[sdk=iphoneos*]" = "iPhone Developer";
				COPY_PHASE_STRIP = NO;
				DEBUG_INFORMATION_FORMAT = "dwarf-with-dsym";
				ENABLE_NS_ASSERTIONS = NO;
				ENABLE_STRICT_OBJC_MSGSEND = YES;
				GCC_C_LANGUAGE_STANDARD = gnu99;
				GCC_NO_COMMON_BLOCKS = YES;
				GCC_WARN_64_TO_32_BIT_CONVERSION = YES;
				GCC_WARN_ABOUT_RETURN_TYPE = YES_ERROR;
				GCC_WARN_UNDECLARED_SELECTOR = YES;
				GCC_WARN_UNINITIALIZED_AUTOS = YES_AGGRESSIVE;
				GCC_WARN_UNUSED_FUNCTION = YES;
				GCC_WARN_UNUSED_VARIABLE = YES;
				IPHONEOS_DEPLOYMENT_TARGET = 8.4;
				MTL_ENABLE_DEBUG_INFO = NO;
				SDKROOT = iphoneos;
				TARGETED_DEVICE_FAMILY = "1,2";
				VALIDATE_PRODUCT = YES;
			};
			name = Release;
		};
		3F821AA81B49BA0D0025A1B4 /* Debug */ = {
			isa = XCBuildConfiguration;
			buildSettings = {
				ASSETCATALOG_COMPILER_APPICON_NAME = AppIcon;
				CODE_SIGN_IDENTITY = "iPhone Developer";
				"CODE_SIGN_IDENTITY[sdk=iphoneos*]" = "iPhone Developer";
				GCC_PREPROCESSOR_DEFINITIONS = "DEBUG=1";
				INFOPLIST_FILE = Terranous/Info.plist;
				IPHONEOS_DEPLOYMENT_TARGET = 8.0;
				LD_RUNPATH_SEARCH_PATHS = "$(inherited) @executable_path/Frameworks";
				OTHER_SWIFT_FLAGS = "";
				PRODUCT_NAME = "$(TARGET_NAME)";
				PROVISIONING_PROFILE = "";
			};
			name = Debug;
		};
		3F821AA91B49BA0D0025A1B4 /* Release */ = {
			isa = XCBuildConfiguration;
			buildSettings = {
				ASSETCATALOG_COMPILER_APPICON_NAME = AppIcon;
				CODE_SIGN_IDENTITY = "iPhone Developer";
				"CODE_SIGN_IDENTITY[sdk=iphoneos*]" = "iPhone Developer";
				GCC_PREPROCESSOR_DEFINITIONS = "";
				INFOPLIST_FILE = Terranous/Info.plist;
				IPHONEOS_DEPLOYMENT_TARGET = 8.0;
				LD_RUNPATH_SEARCH_PATHS = "$(inherited) @executable_path/Frameworks";
				OTHER_SWIFT_FLAGS = "";
				PRODUCT_NAME = "$(TARGET_NAME)";
				PROVISIONING_PROFILE = "";
			};
			name = Release;
		};
		3F821AAB1B49BA0D0025A1B4 /* Debug */ = {
			isa = XCBuildConfiguration;
			buildSettings = {
				BUNDLE_LOADER = "$(TEST_HOST)";
				FRAMEWORK_SEARCH_PATHS = (
					"$(SDKROOT)/Developer/Library/Frameworks",
					"$(inherited)",
				);
				GCC_PREPROCESSOR_DEFINITIONS = (
					"DEBUG=1",
					"$(inherited)",
				);
				INFOPLIST_FILE = TerranousTests/Info.plist;
				LD_RUNPATH_SEARCH_PATHS = "$(inherited) @executable_path/Frameworks @loader_path/Frameworks";
				PRODUCT_NAME = "$(TARGET_NAME)";
				TEST_HOST = "$(BUILT_PRODUCTS_DIR)/Terranous.app/Terranous";
			};
			name = Debug;
		};
		3F821AAC1B49BA0D0025A1B4 /* Release */ = {
			isa = XCBuildConfiguration;
			buildSettings = {
				BUNDLE_LOADER = "$(TEST_HOST)";
				FRAMEWORK_SEARCH_PATHS = (
					"$(SDKROOT)/Developer/Library/Frameworks",
					"$(inherited)",
				);
				INFOPLIST_FILE = TerranousTests/Info.plist;
				LD_RUNPATH_SEARCH_PATHS = "$(inherited) @executable_path/Frameworks @loader_path/Frameworks";
				PRODUCT_NAME = "$(TARGET_NAME)";
				TEST_HOST = "$(BUILT_PRODUCTS_DIR)/Terranous.app/Terranous";
			};
			name = Release;
		};
/* End XCBuildConfiguration section */

/* Begin XCConfigurationList section */
		3F7DB1671B4C66D900D95D8B /* Build configuration list for PBXNativeTarget "Terranous Free" */ = {
			isa = XCConfigurationList;
			buildConfigurations = (
				3F7DB1681B4C66D900D95D8B /* Debug */,
				3F7DB1691B4C66D900D95D8B /* Release */,
			);
			defaultConfigurationIsVisible = 0;
			defaultConfigurationName = Release;
		};
		3F821A7F1B49BA0D0025A1B4 /* Build configuration list for PBXProject "Terranous" */ = {
			isa = XCConfigurationList;
			buildConfigurations = (
				3F821AA51B49BA0D0025A1B4 /* Debug */,
				3F821AA61B49BA0D0025A1B4 /* Release */,
			);
			defaultConfigurationIsVisible = 0;
			defaultConfigurationName = Release;
		};
		3F821AA71B49BA0D0025A1B4 /* Build configuration list for PBXNativeTarget "Terranous" */ = {
			isa = XCConfigurationList;
			buildConfigurations = (
				3F821AA81B49BA0D0025A1B4 /* Debug */,
				3F821AA91B49BA0D0025A1B4 /* Release */,
			);
			defaultConfigurationIsVisible = 0;
			defaultConfigurationName = Release;
		};
		3F821AAA1B49BA0D0025A1B4 /* Build configuration list for PBXNativeTarget "TerranousTests" */ = {
			isa = XCConfigurationList;
			buildConfigurations = (
				3F821AAB1B49BA0D0025A1B4 /* Debug */,
				3F821AAC1B49BA0D0025A1B4 /* Release */,
			);
			defaultConfigurationIsVisible = 0;
			defaultConfigurationName = Release;
		};
/* End XCConfigurationList section */
	};
	rootObject = 3F821A7C1B49BA0D0025A1B4 /* Project object */;
}
